
Microsoft Visual Studio Solution File, Format Version 12.00
# Visual Studio Version 16
VisualStudioVersion = 16.0.32106.194
MinimumVisualStudioVersion = 10.0.40219.1
Project("{9A19103F-16F7-4668-BE54-9A1E7A4F7556}") = "HS4_Blog_Project.Domain", "HS4_Blog_Project.Domain\HS4_Blog_Project.Domain.csproj", "{D8264200-1590-4861-B0A5-6E166685DCBF}"
EndProject
Project("{9A19103F-16F7-4668-BE54-9A1E7A4F7556}") = "HS4_Blog_Project.Infrastructure", "HS4_Blog_Project.Infrastructure\HS4_Blog_Project.Infrastructure.csproj", "{A3719167-BA95-4529-8C29-3EE20B4E4553}"
EndProject
Project("{FAE04EC0-301F-11D3-BF4B-00C04F79EFBC}") = "HS4_Blog_Project.Application", "HS4_Blog_Project.Application\HS4_Blog_Project.Application.csproj", "{BCA4D502-CA80-4C14-AD8B-E08080048445}"
EndProject
Project("{FAE04EC0-301F-11D3-BF4B-00C04F79EFBC}") = "HS4_BlogProject.Presentation", "HS4_BlogProject.Presentation\HS4_BlogProject.Presentation.csproj", "{6BC968B2-6540-4E1C-A2A9-9A557E9C5BF2}"
EndProject
Global
	GlobalSection(SolutionConfigurationPlatforms) = preSolution
		Debug|Any CPU = Debug|Any CPU
		Release|Any CPU = Release|Any CPU
	EndGlobalSection
	GlobalSection(ProjectConfigurationPlatforms) = postSolution
		{D8264200-1590-4861-B0A5-6E166685DCBF}.Debug|Any CPU.ActiveCfg = Debug|Any CPU
		{D8264200-1590-4861-B0A5-6E166685DCBF}.Debug|Any CPU.Build.0 = Debug|Any CPU
		{D8264200-1590-4861-B0A5-6E166685DCBF}.Release|Any CPU.ActiveCfg = Release|Any CPU
		{D8264200-1590-4861-B0A5-6E166685DCBF}.Release|Any CPU.Build.0 = Release|Any CPU
		{A3719167-BA95-4529-8C29-3EE20B4E4553}.Debug|Any CPU.ActiveCfg = Debug|Any CPU
		{A3719167-BA95-4529-8C29-3EE20B4E4553}.Debug|Any CPU.Build.0 = Debug|Any CPU
		{A3719167-BA95-4529-8C29-3EE20B4E4553}.Release|Any CPU.ActiveCfg = Release|Any CPU
		{A3719167-BA95-4529-8C29-3EE20B4E4553}.Release|Any CPU.Build.0 = Release|Any CPU
		{BCA4D502-CA80-4C14-AD8B-E08080048445}.Debug|Any CPU.ActiveCfg = Debug|Any CPU
		{BCA4D502-CA80-4C14-AD8B-E08080048445}.Debug|Any CPU.Build.0 = Debug|Any CPU
		{BCA4D502-CA80-4C14-AD8B-E08080048445}.Release|Any CPU.ActiveCfg = Release|Any CPU
		{BCA4D502-CA80-4C14-AD8B-E08080048445}.Release|Any CPU.Build.0 = Release|Any CPU
		{6BC968B2-6540-4E1C-A2A9-9A557E9C5BF2}.Debug|Any CPU.ActiveCfg = Debug|Any CPU
		{6BC968B2-6540-4E1C-A2A9-9A557E9C5BF2}.Debug|Any CPU.Build.0 = Debug|Any CPU
		{6BC968B2-6540-4E1C-A2A9-9A557E9C5BF2}.Release|Any CPU.ActiveCfg = Release|Any CPU
		{6BC968B2-6540-4E1C-A2A9-9A557E9C5BF2}.Release|Any CPU.Build.0 = Release|Any CPU
	EndGlobalSection
	GlobalSection(SolutionProperties) = preSolution
		HideSolutionNode = FALSE
	EndGlobalSection
	GlobalSection(ExtensibilityGlobals) = postSolution
		SolutionGuid = {0BCBCB19-01C5-469D-B9CD-A055A25E3987}
	EndGlobalSection
EndGlobal
